// !$*UTF8*$!
{
	archiveVersion = 1;
	classes = {
	};
	objectVersion = 46;
	objects = {

/* Begin PBXBuildFile section */
		F13668551C9787D80017A34A /* AppDelegate.swift in Sources */ = {isa = PBXBuildFile; fileRef = F13668541C9787D80017A34A /* AppDelegate.swift */; };
		F13668571C9787D80017A34A /* ViewController.swift in Sources */ = {isa = PBXBuildFile; fileRef = F13668561C9787D80017A34A /* ViewController.swift */; };
		F136685A1C9787D80017A34A /* Main.storyboard in Resources */ = {isa = PBXBuildFile; fileRef = F13668581C9787D80017A34A /* Main.storyboard */; };
		F136685C1C9787D80017A34A /* Assets.xcassets in Resources */ = {isa = PBXBuildFile; fileRef = F136685B1C9787D80017A34A /* Assets.xcassets */; };
		F136685F1C9787D80017A34A /* LaunchScreen.storyboard in Resources */ = {isa = PBXBuildFile; fileRef = F136685D1C9787D80017A34A /* LaunchScreen.storyboard */; };
/* End PBXBuildFile section */

/* Begin PBXFileReference section */
		F13668511C9787D80017A34A /* GuessGame.app */ = {isa = PBXFileReference; explicitFileType = wrapper.application; includeInIndex = 0; path = GuessGame.app; sourceTree = BUILT_PRODUCTS_DIR; };
		F13668541C9787D80017A34A /* AppDelegate.swift */ = {isa = PBXFileReference; lastKnownFileType = sourcecode.swift; path = AppDelegate.swift; sourceTree = "<group>"; };
		F13668561C9787D80017A34A /* ViewController.swift */ = {isa = PBXFileReference; lastKnownFileType = sourcecode.swift; path = ViewController.swift; sourceTree = "<group>"; };
		F13668591C9787D80017A34A /* Base */ = {isa = PBXFileReference; lastKnownFileType = file.storyboard; name = Base; path = Base.lproj/Main.storyboard; sourceTree = "<group>"; };
		F136685B1C9787D80017A34A /* Assets.xcassets */ = {isa = PBXFileReference; lastKnownFileType = folder.assetcatalog; path = Assets.xcassets; sourceTree = "<group>"; };
		F136685E1C9787D80017A34A /* Base */ = {isa = PBXFileReference; lastKnownFileType = file.storyboard; name = Base; path = Base.lproj/LaunchScreen.storyboard; sourceTree = "<group>"; };
		F13668601C9787D80017A34A /* Info.plist */ = {isa = PBXFileReference; lastKnownFileType = text.plist.xml; path = Info.plist; sourceTree = "<group>"; };
/* End PBXFileReference section */

/* Begin PBXFrameworksBuildPhase section */
		F136684E1C9787D80017A34A /* Frameworks */ = {
			isa = PBXFrameworksBuildPhase;
			buildActionMask = 2147483647;
			files = (
			);
			runOnlyForDeploymentPostprocessing = 0;
		};
/* End PBXFrameworksBuildPhase section */

/* Begin PBXGroup section */
		F13668481C9787D80017A34A = {
			isa = PBXGroup;
			children = (
				F13668531C9787D80017A34A /* GuessGame */,
				F13668521C9787D80017A34A /* Products */,
			);
			sourceTree = "<group>";
		};
		F13668521C9787D80017A34A /* Products */ = {
			isa = PBXGroup;
			children = (
				F13668511C9787D80017A34A /* GuessGame.app */,
			);
			name = Products;
			sourceTree = "<group>";
		};
		F13668531C9787D80017A34A /* GuessGame */ = {
			isa = PBXGroup;
			children = (
				F13668541C9787D80017A34A /* AppDelegate.swift */,
				F13668561C9787D80017A34A /* ViewController.swift */,
				F13668581C9787D80017A34A /* Main.storyboard */,
				F136685B1C9787D80017A34A /* Assets.xcassets */,
				F136685D1C9787D80017A34A /* LaunchScreen.storyboard */,
				F13668601C9787D80017A34A /* Info.plist */,
			);
			path = GuessGame;
			sourceTree = "<group>";
		};
/* End PBXGroup section */

/* Begin PBXNativeTarget section */
		F13668501C9787D80017A34A /* GuessGame */ = {
			isa = PBXNativeTarget;
			buildConfigurationList = F13668631C9787D80017A34A /* Build configuration list for PBXNativeTarget "GuessGame" */;
			buildPhases = (
				F136684D1C9787D80017A34A /* Sources */,
				F136684E1C9787D80017A34A /* Frameworks */,
				F136684F1C9787D80017A34A /* Resources */,
			);
			buildRules = (
			);
			dependencies = (
			);
			name = GuessGame;
			productName = GuessGame;
			productReference = F13668511C9787D80017A34A /* GuessGame.app */;
			productType = "com.apple.product-type.application";
		};
/* End PBXNativeTarget section */

/* Begin PBXProject section */
		F13668491C9787D80017A34A /* Project object */ = {
			isa = PBXProject;
			attributes = {
				LastSwiftUpdateCheck = 0720;
				LastUpgradeCheck = 0720;
				ORGANIZATIONNAME = rtc;
				TargetAttributes = {
					F13668501C9787D80017A34A = {
						CreatedOnToolsVersion = 7.2;
						DevelopmentTeam = 5KMQCX7WT8;
					};
				};
			};
			buildConfigurationList = F136684C1C9787D80017A34A /* Build configuration list for PBXProject "GuessGame" */;
			compatibilityVersion = "Xcode 3.2";
			developmentRegion = English;
			hasScannedForEncodings = 0;
			knownRegions = (
				en,
				Base,
			);
			mainGroup = F13668481C9787D80017A34A;
			productRefGroup = F13668521C9787D80017A34A /* Products */;
			projectDirPath = "";
			projectRoot = "";
			targets = (
				F13668501C9787D80017A34A /* GuessGame */,
			);
		};
/* End PBXProject section */

/* Begin PBXResourcesBuildPhase section */
		F136684F1C9787D80017A34A /* Resources */ = {
			isa = PBXResourcesBuildPhase;
			buildActionMask = 2147483647;
			files = (
				F136685F1C9787D80017A34A /* LaunchScreen.storyboard in Resources */,
				F136685C1C9787D80017A34A /* Assets.xcassets in Resources */,
				F136685A1C9787D80017A34A /* Main.storyboard in Resources */,
			);
			runOnlyForDeploymentPostprocessing = 0;
		};
/* End PBXResourcesBuildPhase section */

/* Begin PBXSourcesBuildPhase section */
		F136684D1C9787D80017A34A /* Sources */ = {
			isa = PBXSourcesBuildPhase;
			buildActionMask = 2147483647;
			files = (
				F13668571C9787D80017A34A /* ViewController.swift in Sources */,
				F13668551C9787D80017A34A /* AppDelegate.swift in Sources */,
			);
			runOnlyForDeploymentPostprocessing = 0;
		};
/* End PBXSourcesBuildPhase section */

/* Begin PBXVariantGroup section */
		F13668581C9787D80017A34A /* Main.storyboard */ = {
			isa = PBXVariantGroup;
			children = (
				F13668591C9787D80017A34A /* Base */,
			);
			name = Main.storyboard;
			sourceTree = "<group>";
		};
		F136685D1C9787D80017A34A /* LaunchScreen.storyboard */ = {
			isa = PBXVariantGroup;
			children = (
				F136685E1C9787D80017A34A /* Base */,
			);
			name = LaunchScreen.storyboard;
			sourceTree = "<group>";
		};
/* End PBXVariantGroup section */

/* Begin XCBuildConfiguration section */
		F13668611C9787D80017A34A /* Debug */ = {
			isa = XCBuildConfiguration;
			buildSettings = {
				ALWAYS_SEARCH_USER_PATHS = NO;
				CLANG_CXX_LANGUAGE_STANDARD = "gnu++0x";
				CLANG_CXX_LIBRARY = "libc++";
				CLANG_ENABLE_MODULES = YES;
				CLANG_ENABLE_OBJC_ARC = YES;
				CLANG_WARN_BOOL_CONVERSION = YES;
				CLANG_WARN_CONSTANT_CONVERSION = YES;
				CLANG_WARN_DIRECT_OBJC_ISA_USAGE = YES_ERROR;
				CLANG_WARN_EMPTY_BODY = YES;
				CLANG_WARN_ENUM_CONVERSION = YES;
				CLANG_WARN_INT_CONVERSION = YES;
				CLANG_WARN_OBJC_ROOT_CLASS = YES_ERROR;
				CLANG_WARN_UNREACHABLE_CODE = YES;
				CLANG_WARN__DUPLICATE_METHOD_MATCH = YES;
				"CODE_SIGN_IDENTITY[sdk=iphoneos*]" = "iPhone Developer";
				COPY_PHASE_STRIP = NO;
				DEBUG_INFORMATION_FORMAT = dwarf;
				ENABLE_STRICT_OBJC_MSGSEND = YES;
				ENABLE_TESTABILITY = YES;
				GCC_C_LANGUAGE_STANDARD = gnu99;
				GCC_DYNAMIC_NO_PIC = NO;
				GCC_NO_COMMON_BLOCKS = YES;
				GCC_OPTIMIZATION_LEVEL = 0;
				GCC_PREPROCESSOR_DEFINITIONS = (
					"DEBUG=1",
					"$(inherited)",
				);
				GCC_WARN_64_TO_32_BIT_CONVERSION = YES;
				GCC_WARN_ABOUT_RETURN_TYPE = YES_ERROR;
				GCC_WARN_UNDECLARED_SELECTOR = YES;
				GCC_WARN_UNINITIALIZED_AUTOS = YES_AGGRESSIVE;
				GCC_WARN_UNUSED_FUNCTION = YES;
				GCC_WARN_UNUSED_VARIABLE = YES;
				IPHONEOS_DEPLOYMENT_TARGET = 9.2;
				MTL_ENABLE_DEBUG_INFO = YES;
				ONLY_ACTIVE_ARCH = YES;
				SDKROOT = iphoneos;
				SWIFT_OPTIMIZATION_LEVEL = "-Onone";
				TARGETED_DEVICE_FAMILY = "1,2";
			};
			name = Debug;
		};
		F13668621C9787D80017A34A /* Release */ = {
			isa = XCBuildConfiguration;
			buildSettings = {
				ALWAYS_SEARCH_USER_PATHS = NO;
				CLANG_CXX_LANGUAGE_STANDARD = "gnu++0x";
				CLANG_CXX_LIBRARY = "libc++";
				CLANG_ENABLE_MODULES = YES;
				CLANG_ENABLE_OBJC_ARC = YES;
				CLANG_WARN_BOOL_CONVERSION = YES;
				CLANG_WARN_CONSTANT_CONVERSION = YES;
				CLANG_WARN_DIRECT_OBJC_ISA_USAGE = YES_ERROR;
				CLANG_WARN_EMPTY_BODY = YES;
				CLANG_WARN_ENUM_CONVERSION = YES;
				CLANG_WARN_INT_CONVERSION = YES;
				CLANG_WARN_OBJC_ROOT_CLASS = YES_ERROR;
				CLANG_WARN_UNREACHABLE_CODE = YES;
				CLANG_WARN__DUPLICATE_METHOD_MATCH = YES;
				"CODE_SIGN_IDENTITY[sdk=iphoneos*]" = "iPhone Developer";
				COPY_PHASE_STRIP = NO;
				DEBUG_INFORMATION_FORMAT = "dwarf-with-dsym";
				ENABLE_NS_ASSERTIONS = NO;
				ENABLE_STRICT_OBJC_MSGSEND = YES;
				GCC_C_LANGUAGE_STANDARD = gnu99;
				GCC_NO_COMMON_BLOCKS = YES;
				GCC_WARN_64_TO_32_BIT_CONVERSION = YES;
				GCC_WARN_ABOUT_RETURN_TYPE = YES_ERROR;
				GCC_WARN_UNDECLARED_SELECTOR = YES;
				GCC_WARN_UNINITIALIZED_AUTOS = YES_AGGRESSIVE;
				GCC_WARN_UNUSED_FUNCTION = YES;
				GCC_WARN_UNUSED_VARIABLE = YES;
				IPHONEOS_DEPLOYMENT_TARGET = 9.2;
				MTL_ENABLE_DEBUG_INFO = NO;
				SDKROOT = iphoneos;
				TARGETED_DEVICE_FAMILY = "1,2";
				VALIDATE_PRODUCT = YES;
			};
			name = Release;
		};
		F13668641C9787D80017A34A /* Debug */ = {
			isa = XCBuildConfiguration;
			buildSettings = {
				ASSETCATALOG_COMPILER_APPICON_NAME = AppIcon;
				INFOPLIST_FILE = GuessGame/Info.plist;
				LD_RUNPATH_SEARCH_PATHS = "$(inherited) @executable_path/Frameworks";
				PRODUCT_BUNDLE_IDENTIFIER = rtc.GuessGame;
				PRODUCT_NAME = "$(TARGET_NAME)";
			};
			name = Debug;
		};
		F13668651C9787D80017A34A /* Release */ = {
			isa = XCBuildConfiguration;
			buildSettings = {
				ASSETCATALOG_COMPILER_APPICON_NAME = AppIcon;
				INFOPLIST_FILE = GuessGame/Info.plist;
				LD_RUNPATH_SEARCH_PATHS = "$(inherited) @executable_path/Frameworks";
				PRODUCT_BUNDLE_IDENTIFIER = rtc.GuessGame;
				PRODUCT_NAME = "$(TARGET_NAME)";
			};
			name = Release;
		};
/* End XCBuildConfiguration section */

/* Begin XCConfigurationList section */
		F136684C1C9787D80017A34A /* Build configuration list for PBXProject "GuessGame" */ = {
			isa = XCConfigurationList;
			buildConfigurations = (
				F13668611C9787D80017A34A /* Debug */,
				F13668621C9787D80017A34A /* Release */,
			);
			defaultConfigurationIsVisible = 0;
			defaultConfigurationName = Release;
		};
		F13668631C9787D80017A34A /* Build configuration list for PBXNativeTarget "GuessGame" */ = {
			isa = XCConfigurationList;
			buildConfigurations = (
				F13668641C9787D80017A34A /* Debug */,
				F13668651C9787D80017A34A /* Release */,
			);
			defaultConfigurationIsVisible = 0;
		};
/* End XCConfigurationList section */
	};
	rootObject = F13668491C9787D80017A34A /* Project object */;
}
